// !$*UTF8*$!
{
	archiveVersion = 1;
	classes = {
	};
	objectVersion = 56;
	objects = {

/* Begin PBXBuildFile section */
		4A1C2ABE2BD45B2100820D46 /* TodoApp.swift in Sources */ = {isa = PBXBuildFile; fileRef = 4A1C2ABD2BD45B2100820D46 /* TodoApp.swift */; };
		4A6F368E2BD57D5B00A41477 /* ErrorWraper.swift in Sources */ = {isa = PBXBuildFile; fileRef = 4A6F36682BD57D5B00A41477 /* ErrorWraper.swift */; };
		4A6F368F2BD57D5B00A41477 /* isCompleted.swift in Sources */ = {isa = PBXBuildFile; fileRef = 4A6F36692BD57D5B00A41477 /* isCompleted.swift */; };
		4A6F36902BD57D5B00A41477 /* Note.swift in Sources */ = {isa = PBXBuildFile; fileRef = 4A6F366A2BD57D5B00A41477 /* Note.swift */; };
		4A6F36912BD57D5B00A41477 /* ParentTask.swift in Sources */ = {isa = PBXBuildFile; fileRef = 4A6F366B2BD57D5B00A41477 /* ParentTask.swift */; };
		4A6F36922BD57D5B00A41477 /* Person.swift in Sources */ = {isa = PBXBuildFile; fileRef = 4A6F366C2BD57D5B00A41477 /* Person.swift */; };
		4A6F36932BD57D5B00A41477 /* PreviewSampleData.swift in Sources */ = {isa = PBXBuildFile; fileRef = 4A6F366D2BD57D5B00A41477 /* PreviewSampleData.swift */; };
		4A6F36942BD57D5B00A41477 /* Priority.swift in Sources */ = {isa = PBXBuildFile; fileRef = 4A6F366E2BD57D5B00A41477 /* Priority.swift */; };
		4A6F36952BD57D5B00A41477 /* Project.swift in Sources */ = {isa = PBXBuildFile; fileRef = 4A6F366F2BD57D5B00A41477 /* Project.swift */; };
		4A6F36962BD57D5B00A41477 /* ProjectsTask.swift in Sources */ = {isa = PBXBuildFile; fileRef = 4A6F36702BD57D5B00A41477 /* ProjectsTask.swift */; };
		4A6F36972BD57D5B00A41477 /* SelectedProject.swift in Sources */ = {isa = PBXBuildFile; fileRef = 4A6F36712BD57D5B00A41477 /* SelectedProject.swift */; };
		4A6F36982BD57D5B00A41477 /* TasksNote.swift in Sources */ = {isa = PBXBuildFile; fileRef = 4A6F36722BD57D5B00A41477 /* TasksNote.swift */; };
		4A6F36992BD57D5B00A41477 /* Theme.swift in Sources */ = {isa = PBXBuildFile; fileRef = 4A6F36732BD57D5B00A41477 /* Theme.swift */; };
		4A6F369A2BD57D5B00A41477 /* WagonikiStacja.swift in Sources */ = {isa = PBXBuildFile; fileRef = 4A6F36742BD57D5B00A41477 /* WagonikiStacja.swift */; };
		4A6F369C2BD57D5B00A41477 /* ErrorView.swift in Sources */ = {isa = PBXBuildFile; fileRef = 4A6F36772BD57D5B00A41477 /* ErrorView.swift */; };
		4A6F369D2BD57D5B00A41477 /* NewProjectView.swift in Sources */ = {isa = PBXBuildFile; fileRef = 4A6F36782BD57D5B00A41477 /* NewProjectView.swift */; };
		4A6F369E2BD57D5B00A41477 /* NotesCardView.swift in Sources */ = {isa = PBXBuildFile; fileRef = 4A6F36792BD57D5B00A41477 /* NotesCardView.swift */; };
		4A6F369F2BD57D5B00A41477 /* PriorityPicker.swift in Sources */ = {isa = PBXBuildFile; fileRef = 4A6F367A2BD57D5B00A41477 /* PriorityPicker.swift */; };
		4A6F36A02BD57D5B00A41477 /* PriorityView.swift in Sources */ = {isa = PBXBuildFile; fileRef = 4A6F367B2BD57D5B00A41477 /* PriorityView.swift */; };
		4A6F36A12BD57D5B00A41477 /* ProjectCardView.swift in Sources */ = {isa = PBXBuildFile; fileRef = 4A6F367C2BD57D5B00A41477 /* ProjectCardView.swift */; };
		4A6F36A22BD57D5B00A41477 /* ProjectDetailsView.swift in Sources */ = {isa = PBXBuildFile; fileRef = 4A6F367D2BD57D5B00A41477 /* ProjectDetailsView.swift */; };
		4A6F36A32BD57D5B00A41477 /* ProjectEditView.swift in Sources */ = {isa = PBXBuildFile; fileRef = 4A6F367E2BD57D5B00A41477 /* ProjectEditView.swift */; };
		4A6F36A42BD57D5B00A41477 /* ProjectsView.swift in Sources */ = {isa = PBXBuildFile; fileRef = 4A6F367F2BD57D5B00A41477 /* ProjectsView.swift */; };
		4A6F36A52BD57D5B00A41477 /* SubListUnfold.swift in Sources */ = {isa = PBXBuildFile; fileRef = 4A6F36802BD57D5B00A41477 /* SubListUnfold.swift */; };
		4A6F36A62BD57D5B00A41477 /* TaskCardView.swift in Sources */ = {isa = PBXBuildFile; fileRef = 4A6F36812BD57D5B00A41477 /* TaskCardView.swift */; };
		4A6F36A72BD57D5B00A41477 /* TasksDetailsView.swift in Sources */ = {isa = PBXBuildFile; fileRef = 4A6F36822BD57D5B00A41477 /* TasksDetailsView.swift */; };
		4A6F36A82BD57D5B00A41477 /* TasksEditView.swift in Sources */ = {isa = PBXBuildFile; fileRef = 4A6F36832BD57D5B00A41477 /* TasksEditView.swift */; };
		4A6F36A92BD57D5B00A41477 /* TasksListView.swift in Sources */ = {isa = PBXBuildFile; fileRef = 4A6F36842BD57D5B00A41477 /* TasksListView.swift */; };
		4A6F36AA2BD57D5B00A41477 /* TaskStatusButton.swift in Sources */ = {isa = PBXBuildFile; fileRef = 4A6F36852BD57D5B00A41477 /* TaskStatusButton.swift */; };
		4A6F36AB2BD57D5B00A41477 /* ThemePicker.swift in Sources */ = {isa = PBXBuildFile; fileRef = 4A6F36862BD57D5B00A41477 /* ThemePicker.swift */; };
		4A6F36AC2BD57D5B00A41477 /* ThemeViewer.swift in Sources */ = {isa = PBXBuildFile; fileRef = 4A6F36872BD57D5B00A41477 /* ThemeViewer.swift */; };
		4A6F36AD2BD57D5B00A41477 /* TrailingIconLabelStyle.swift in Sources */ = {isa = PBXBuildFile; fileRef = 4A6F36882BD57D5B00A41477 /* TrailingIconLabelStyle.swift */; };
		4A6F36AE2BD57D5B00A41477 /* UTTypeWagoniki.swift in Sources */ = {isa = PBXBuildFile; fileRef = 4A6F368A2BD57D5B00A41477 /* UTTypeWagoniki.swift */; };
		4A6F36AF2BD57D5B00A41477 /* UTTypeWagoniki.xcdatamodeld in Sources */ = {isa = PBXBuildFile; fileRef = 4A6F368B2BD57D5B00A41477 /* UTTypeWagoniki.xcdatamodeld */; };
/* End PBXBuildFile section */

/* Begin PBXFileReference section */
		4A1C2ABA2BD45B2100820D46 /* Todo.app */ = {isa = PBXFileReference; explicitFileType = wrapper.application; includeInIndex = 0; path = Todo.app; sourceTree = BUILT_PRODUCTS_DIR; };
		4A1C2ABD2BD45B2100820D46 /* TodoApp.swift */ = {isa = PBXFileReference; lastKnownFileType = sourcecode.swift; path = TodoApp.swift; sourceTree = "<group>"; };
		4A6F36682BD57D5B00A41477 /* ErrorWraper.swift */ = {isa = PBXFileReference; fileEncoding = 4; lastKnownFileType = sourcecode.swift; path = ErrorWraper.swift; sourceTree = "<group>"; };
		4A6F36692BD57D5B00A41477 /* isCompleted.swift */ = {isa = PBXFileReference; fileEncoding = 4; lastKnownFileType = sourcecode.swift; path = isCompleted.swift; sourceTree = "<group>"; };
		4A6F366A2BD57D5B00A41477 /* Note.swift */ = {isa = PBXFileReference; fileEncoding = 4; lastKnownFileType = sourcecode.swift; path = Note.swift; sourceTree = "<group>"; };
		4A6F366B2BD57D5B00A41477 /* ParentTask.swift */ = {isa = PBXFileReference; fileEncoding = 4; lastKnownFileType = sourcecode.swift; path = ParentTask.swift; sourceTree = "<group>"; };
		4A6F366C2BD57D5B00A41477 /* Person.swift */ = {isa = PBXFileReference; fileEncoding = 4; lastKnownFileType = sourcecode.swift; path = Person.swift; sourceTree = "<group>"; };
		4A6F366D2BD57D5B00A41477 /* PreviewSampleData.swift */ = {isa = PBXFileReference; fileEncoding = 4; lastKnownFileType = sourcecode.swift; path = PreviewSampleData.swift; sourceTree = "<group>"; };
		4A6F366E2BD57D5B00A41477 /* Priority.swift */ = {isa = PBXFileReference; fileEncoding = 4; lastKnownFileType = sourcecode.swift; path = Priority.swift; sourceTree = "<group>"; };
		4A6F366F2BD57D5B00A41477 /* Project.swift */ = {isa = PBXFileReference; fileEncoding = 4; lastKnownFileType = sourcecode.swift; path = Project.swift; sourceTree = "<group>"; };
		4A6F36702BD57D5B00A41477 /* ProjectsTask.swift */ = {isa = PBXFileReference; fileEncoding = 4; lastKnownFileType = sourcecode.swift; path = ProjectsTask.swift; sourceTree = "<group>"; };
		4A6F36712BD57D5B00A41477 /* SelectedProject.swift */ = {isa = PBXFileReference; fileEncoding = 4; lastKnownFileType = sourcecode.swift; path = SelectedProject.swift; sourceTree = "<group>"; };
		4A6F36722BD57D5B00A41477 /* TasksNote.swift */ = {isa = PBXFileReference; fileEncoding = 4; lastKnownFileType = sourcecode.swift; path = TasksNote.swift; sourceTree = "<group>"; };
		4A6F36732BD57D5B00A41477 /* Theme.swift */ = {isa = PBXFileReference; fileEncoding = 4; lastKnownFileType = sourcecode.swift; path = Theme.swift; sourceTree = "<group>"; };
		4A6F36742BD57D5B00A41477 /* WagonikiStacja.swift */ = {isa = PBXFileReference; fileEncoding = 4; lastKnownFileType = sourcecode.swift; path = WagonikiStacja.swift; sourceTree = "<group>"; };
		4A6F36772BD57D5B00A41477 /* ErrorView.swift */ = {isa = PBXFileReference; fileEncoding = 4; lastKnownFileType = sourcecode.swift; path = ErrorView.swift; sourceTree = "<group>"; };
		4A6F36782BD57D5B00A41477 /* NewProjectView.swift */ = {isa = PBXFileReference; fileEncoding = 4; lastKnownFileType = sourcecode.swift; path = NewProjectView.swift; sourceTree = "<group>"; };
		4A6F36792BD57D5B00A41477 /* NotesCardView.swift */ = {isa = PBXFileReference; fileEncoding = 4; lastKnownFileType = sourcecode.swift; path = NotesCardView.swift; sourceTree = "<group>"; };
		4A6F367A2BD57D5B00A41477 /* PriorityPicker.swift */ = {isa = PBXFileReference; fileEncoding = 4; lastKnownFileType = sourcecode.swift; path = PriorityPicker.swift; sourceTree = "<group>"; };
		4A6F367B2BD57D5B00A41477 /* PriorityView.swift */ = {isa = PBXFileReference; fileEncoding = 4; lastKnownFileType = sourcecode.swift; path = PriorityView.swift; sourceTree = "<group>"; };
		4A6F367C2BD57D5B00A41477 /* ProjectCardView.swift */ = {isa = PBXFileReference; fileEncoding = 4; lastKnownFileType = sourcecode.swift; path = ProjectCardView.swift; sourceTree = "<group>"; };
		4A6F367D2BD57D5B00A41477 /* ProjectDetailsView.swift */ = {isa = PBXFileReference; fileEncoding = 4; lastKnownFileType = sourcecode.swift; path = ProjectDetailsView.swift; sourceTree = "<group>"; };
		4A6F367E2BD57D5B00A41477 /* ProjectEditView.swift */ = {isa = PBXFileReference; fileEncoding = 4; lastKnownFileType = sourcecode.swift; path = ProjectEditView.swift; sourceTree = "<group>"; };
		4A6F367F2BD57D5B00A41477 /* ProjectsView.swift */ = {isa = PBXFileReference; fileEncoding = 4; lastKnownFileType = sourcecode.swift; path = ProjectsView.swift; sourceTree = "<group>"; };
		4A6F36802BD57D5B00A41477 /* SubListUnfold.swift */ = {isa = PBXFileReference; fileEncoding = 4; lastKnownFileType = sourcecode.swift; path = SubListUnfold.swift; sourceTree = "<group>"; };
		4A6F36812BD57D5B00A41477 /* TaskCardView.swift */ = {isa = PBXFileReference; fileEncoding = 4; lastKnownFileType = sourcecode.swift; path = TaskCardView.swift; sourceTree = "<group>"; };
		4A6F36822BD57D5B00A41477 /* TasksDetailsView.swift */ = {isa = PBXFileReference; fileEncoding = 4; lastKnownFileType = sourcecode.swift; path = TasksDetailsView.swift; sourceTree = "<group>"; };
		4A6F36832BD57D5B00A41477 /* TasksEditView.swift */ = {isa = PBXFileReference; fileEncoding = 4; lastKnownFileType = sourcecode.swift; path = TasksEditView.swift; sourceTree = "<group>"; };
		4A6F36842BD57D5B00A41477 /* TasksListView.swift */ = {isa = PBXFileReference; fileEncoding = 4; lastKnownFileType = sourcecode.swift; path = TasksListView.swift; sourceTree = "<group>"; };
		4A6F36852BD57D5B00A41477 /* TaskStatusButton.swift */ = {isa = PBXFileReference; fileEncoding = 4; lastKnownFileType = sourcecode.swift; path = TaskStatusButton.swift; sourceTree = "<group>"; };
		4A6F36862BD57D5B00A41477 /* ThemePicker.swift */ = {isa = PBXFileReference; fileEncoding = 4; lastKnownFileType = sourcecode.swift; path = ThemePicker.swift; sourceTree = "<group>"; };
		4A6F36872BD57D5B00A41477 /* ThemeViewer.swift */ = {isa = PBXFileReference; fileEncoding = 4; lastKnownFileType = sourcecode.swift; path = ThemeViewer.swift; sourceTree = "<group>"; };
		4A6F36882BD57D5B00A41477 /* TrailingIconLabelStyle.swift */ = {isa = PBXFileReference; fileEncoding = 4; lastKnownFileType = sourcecode.swift; path = TrailingIconLabelStyle.swift; sourceTree = "<group>"; };
		4A6F368A2BD57D5B00A41477 /* UTTypeWagoniki.swift */ = {isa = PBXFileReference; fileEncoding = 4; lastKnownFileType = sourcecode.swift; path = UTTypeWagoniki.swift; sourceTree = "<group>"; };
		4A6F368D2BD57D5B00A41477 /* UTTypeWagoniki.xcdatamodel */ = {isa = PBXFileReference; lastKnownFileType = wrapper.xcdatamodel; path = UTTypeWagoniki.xcdatamodel; sourceTree = "<group>"; };
		4A6F36B02BD57E5D00A41477 /* Info.plist */ = {isa = PBXFileReference; lastKnownFileType = text.plist; name = Info.plist; path = Todo/Info.plist; sourceTree = "<group>"; };
/* End PBXFileReference section */

/* Begin PBXFrameworksBuildPhase section */
		4A1C2AB72BD45B2100820D46 /* Frameworks */ = {
			isa = PBXFrameworksBuildPhase;
			buildActionMask = 2147483647;
			files = (
			);
			runOnlyForDeploymentPostprocessing = 0;
		};
/* End PBXFrameworksBuildPhase section */

/* Begin PBXGroup section */
		4A1C2AB12BD45B2100820D46 = {
			isa = PBXGroup;
			children = (
				4A6F36B02BD57E5D00A41477 /* Info.plist */,
				4A6F368C2BD57D5B00A41477 /* Additional */,
				4A6F36752BD57D5B00A41477 /* Models */,
				4A6F36892BD57D5B00A41477 /* Views */,
				4A1C2ABD2BD45B2100820D46 /* TodoApp.swift */,
				4A1C2ABB2BD45B2100820D46 /* Products */,
			);
			sourceTree = "<group>";
		};
		4A1C2ABB2BD45B2100820D46 /* Products */ = {
			isa = PBXGroup;
			children = (
				4A1C2ABA2BD45B2100820D46 /* Todo.app */,
			);
			name = Products;
			sourceTree = "<group>";
		};
		4A6F36752BD57D5B00A41477 /* Models */ = {
			isa = PBXGroup;
			children = (
				4A6F36682BD57D5B00A41477 /* ErrorWraper.swift */,
				4A6F36692BD57D5B00A41477 /* isCompleted.swift */,
				4A6F366A2BD57D5B00A41477 /* Note.swift */,
				4A6F366B2BD57D5B00A41477 /* ParentTask.swift */,
				4A6F366C2BD57D5B00A41477 /* Person.swift */,
				4A6F366D2BD57D5B00A41477 /* PreviewSampleData.swift */,
				4A6F366E2BD57D5B00A41477 /* Priority.swift */,
				4A6F366F2BD57D5B00A41477 /* Project.swift */,
				4A6F36702BD57D5B00A41477 /* ProjectsTask.swift */,
				4A6F36712BD57D5B00A41477 /* SelectedProject.swift */,
				4A6F36722BD57D5B00A41477 /* TasksNote.swift */,
				4A6F36732BD57D5B00A41477 /* Theme.swift */,
				4A6F36742BD57D5B00A41477 /* WagonikiStacja.swift */,
			);
			path = Models;
			sourceTree = "<group>";
		};
		4A6F36892BD57D5B00A41477 /* Views */ = {
			isa = PBXGroup;
			children = (
				4A6F36772BD57D5B00A41477 /* ErrorView.swift */,
				4A6F36782BD57D5B00A41477 /* NewProjectView.swift */,
				4A6F36792BD57D5B00A41477 /* NotesCardView.swift */,
				4A6F367A2BD57D5B00A41477 /* PriorityPicker.swift */,
				4A6F367B2BD57D5B00A41477 /* PriorityView.swift */,
				4A6F367C2BD57D5B00A41477 /* ProjectCardView.swift */,
				4A6F367D2BD57D5B00A41477 /* ProjectDetailsView.swift */,
				4A6F367E2BD57D5B00A41477 /* ProjectEditView.swift */,
				4A6F367F2BD57D5B00A41477 /* ProjectsView.swift */,
				4A6F36802BD57D5B00A41477 /* SubListUnfold.swift */,
				4A6F36812BD57D5B00A41477 /* TaskCardView.swift */,
				4A6F36822BD57D5B00A41477 /* TasksDetailsView.swift */,
				4A6F36832BD57D5B00A41477 /* TasksEditView.swift */,
				4A6F36842BD57D5B00A41477 /* TasksListView.swift */,
				4A6F36852BD57D5B00A41477 /* TaskStatusButton.swift */,
				4A6F36862BD57D5B00A41477 /* ThemePicker.swift */,
				4A6F36872BD57D5B00A41477 /* ThemeViewer.swift */,
				4A6F36882BD57D5B00A41477 /* TrailingIconLabelStyle.swift */,
			);
			path = Views;
			sourceTree = "<group>";
		};
		4A6F368C2BD57D5B00A41477 /* Additional */ = {
			isa = PBXGroup;
			children = (
				4A6F368A2BD57D5B00A41477 /* UTTypeWagoniki.swift */,
				4A6F368B2BD57D5B00A41477 /* UTTypeWagoniki.xcdatamodeld */,
			);
			path = Additional;
			sourceTree = "<group>";
		};
/* End PBXGroup section */

/* Begin PBXNativeTarget section */
		4A1C2AB92BD45B2100820D46 /* Todo */ = {
			isa = PBXNativeTarget;
			buildConfigurationList = 4A1C2AC82BD45B2200820D46 /* Build configuration list for PBXNativeTarget "Todo" */;
			buildPhases = (
				4A1C2AB62BD45B2100820D46 /* Sources */,
				4A1C2AB72BD45B2100820D46 /* Frameworks */,
				4A1C2AB82BD45B2100820D46 /* Resources */,
			);
			buildRules = (
			);
			dependencies = (
			);
			name = Todo;
			productName = Todo;
			productReference = 4A1C2ABA2BD45B2100820D46 /* Todo.app */;
			productType = "com.apple.product-type.application";
		};
/* End PBXNativeTarget section */

/* Begin PBXProject section */
		4A1C2AB22BD45B2100820D46 /* Project object */ = {
			isa = PBXProject;
			attributes = {
				BuildIndependentTargetsInParallel = 1;
				LastSwiftUpdateCheck = 1530;
				LastUpgradeCheck = 1530;
				TargetAttributes = {
					4A1C2AB92BD45B2100820D46 = {
						CreatedOnToolsVersion = 15.3;
					};
				};
			};
			buildConfigurationList = 4A1C2AB52BD45B2100820D46 /* Build configuration list for PBXProject "Todo" */;
			compatibilityVersion = "Xcode 14.0";
			developmentRegion = en;
			hasScannedForEncodings = 0;
			knownRegions = (
				en,
				Base,
			);
			mainGroup = 4A1C2AB12BD45B2100820D46;
			productRefGroup = 4A1C2ABB2BD45B2100820D46 /* Products */;
			projectDirPath = "";
			projectRoot = "";
			targets = (
				4A1C2AB92BD45B2100820D46 /* Todo */,
			);
		};
/* End PBXProject section */

/* Begin PBXResourcesBuildPhase section */
		4A1C2AB82BD45B2100820D46 /* Resources */ = {
			isa = PBXResourcesBuildPhase;
			buildActionMask = 2147483647;
			files = (
			);
			runOnlyForDeploymentPostprocessing = 0;
		};
/* End PBXResourcesBuildPhase section */

/* Begin PBXSourcesBuildPhase section */
		4A1C2AB62BD45B2100820D46 /* Sources */ = {
			isa = PBXSourcesBuildPhase;
			buildActionMask = 2147483647;
			files = (
				4A6F369E2BD57D5B00A41477 /* NotesCardView.swift in Sources */,
				4A6F36922BD57D5B00A41477 /* Person.swift in Sources */,
				4A6F36A02BD57D5B00A41477 /* PriorityView.swift in Sources */,
				4A1C2ABE2BD45B2100820D46 /* TodoApp.swift in Sources */,
				4A6F36972BD57D5B00A41477 /* SelectedProject.swift in Sources */,
				4A6F36A12BD57D5B00A41477 /* ProjectCardView.swift in Sources */,
				4A6F368F2BD57D5B00A41477 /* isCompleted.swift in Sources */,
				4A6F369D2BD57D5B00A41477 /* NewProjectView.swift in Sources */,
				4A6F36992BD57D5B00A41477 /* Theme.swift in Sources */,
				4A6F36A92BD57D5B00A41477 /* TasksListView.swift in Sources */,
				4A6F36AD2BD57D5B00A41477 /* TrailingIconLabelStyle.swift in Sources */,
				4A6F36AE2BD57D5B00A41477 /* UTTypeWagoniki.swift in Sources */,
				4A6F36942BD57D5B00A41477 /* Priority.swift in Sources */,
				4A6F368E2BD57D5B00A41477 /* ErrorWraper.swift in Sources */,
				4A6F36A72BD57D5B00A41477 /* TasksDetailsView.swift in Sources */,
				4A6F36A82BD57D5B00A41477 /* TasksEditView.swift in Sources */,
				4A6F36932BD57D5B00A41477 /* PreviewSampleData.swift in Sources */,
				4A6F36962BD57D5B00A41477 /* ProjectsTask.swift in Sources */,
				4A6F36AC2BD57D5B00A41477 /* ThemeViewer.swift in Sources */,
				4A6F36912BD57D5B00A41477 /* ParentTask.swift in Sources */,
				4A6F36A32BD57D5B00A41477 /* ProjectEditView.swift in Sources */,
				4A6F36902BD57D5B00A41477 /* Note.swift in Sources */,
				4A6F36982BD57D5B00A41477 /* TasksNote.swift in Sources */,
				4A6F36AF2BD57D5B00A41477 /* UTTypeWagoniki.xcdatamodeld in Sources */,
				4A6F36A52BD57D5B00A41477 /* SubListUnfold.swift in Sources */,
				4A6F36A42BD57D5B00A41477 /* ProjectsView.swift in Sources */,
				4A6F369F2BD57D5B00A41477 /* PriorityPicker.swift in Sources */,
				4A6F36AB2BD57D5B00A41477 /* ThemePicker.swift in Sources */,
				4A6F36AA2BD57D5B00A41477 /* TaskStatusButton.swift in Sources */,
				4A6F369A2BD57D5B00A41477 /* WagonikiStacja.swift in Sources */,
				4A6F36A22BD57D5B00A41477 /* ProjectDetailsView.swift in Sources */,
				4A6F36952BD57D5B00A41477 /* Project.swift in Sources */,
				4A6F369C2BD57D5B00A41477 /* ErrorView.swift in Sources */,
				4A6F36A62BD57D5B00A41477 /* TaskCardView.swift in Sources */,
			);
			runOnlyForDeploymentPostprocessing = 0;
		};
/* End PBXSourcesBuildPhase section */

/* Begin XCBuildConfiguration section */
		4A1C2AC62BD45B2200820D46 /* Debug */ = {
			isa = XCBuildConfiguration;
			buildSettings = {
				ALWAYS_SEARCH_USER_PATHS = NO;
				ASSETCATALOG_COMPILER_GENERATE_SWIFT_ASSET_SYMBOL_EXTENSIONS = YES;
				CLANG_ANALYZER_NONNULL = YES;
				CLANG_ANALYZER_NUMBER_OBJECT_CONVERSION = YES_AGGRESSIVE;
				CLANG_CXX_LANGUAGE_STANDARD = "gnu++20";
				CLANG_ENABLE_MODULES = YES;
				CLANG_ENABLE_OBJC_ARC = YES;
				CLANG_ENABLE_OBJC_WEAK = YES;
				CLANG_WARN_BLOCK_CAPTURE_AUTORELEASING = YES;
				CLANG_WARN_BOOL_CONVERSION = YES;
				CLANG_WARN_COMMA = YES;
				CLANG_WARN_CONSTANT_CONVERSION = YES;
				CLANG_WARN_DEPRECATED_OBJC_IMPLEMENTATIONS = YES;
				CLANG_WARN_DIRECT_OBJC_ISA_USAGE = YES_ERROR;
				CLANG_WARN_DOCUMENTATION_COMMENTS = YES;
				CLANG_WARN_EMPTY_BODY = YES;
				CLANG_WARN_ENUM_CONVERSION = YES;
				CLANG_WARN_INFINITE_RECURSION = YES;
				CLANG_WARN_INT_CONVERSION = YES;
				CLANG_WARN_NON_LITERAL_NULL_CONVERSION = YES;
				CLANG_WARN_OBJC_IMPLICIT_RETAIN_SELF = YES;
				CLANG_WARN_OBJC_LITERAL_CONVERSION = YES;
				CLANG_WARN_OBJC_ROOT_CLASS = YES_ERROR;
				CLANG_WARN_QUOTED_INCLUDE_IN_FRAMEWORK_HEADER = YES;
				CLANG_WARN_RANGE_LOOP_ANALYSIS = YES;
				CLANG_WARN_STRICT_PROTOTYPES = YES;
				CLANG_WARN_SUSPICIOUS_MOVE = YES;
				CLANG_WARN_UNGUARDED_AVAILABILITY = YES_AGGRESSIVE;
				CLANG_WARN_UNREACHABLE_CODE = YES;
				CLANG_WARN__DUPLICATE_METHOD_MATCH = YES;
				COPY_PHASE_STRIP = NO;
				DEBUG_INFORMATION_FORMAT = dwarf;
				ENABLE_STRICT_OBJC_MSGSEND = YES;
				ENABLE_TESTABILITY = YES;
				ENABLE_USER_SCRIPT_SANDBOXING = YES;
				GCC_C_LANGUAGE_STANDARD = gnu17;
				GCC_DYNAMIC_NO_PIC = NO;
				GCC_NO_COMMON_BLOCKS = YES;
				GCC_OPTIMIZATION_LEVEL = 0;
				GCC_PREPROCESSOR_DEFINITIONS = (
					"DEBUG=1",
					"$(inherited)",
				);
				GCC_WARN_64_TO_32_BIT_CONVERSION = YES;
				GCC_WARN_ABOUT_RETURN_TYPE = YES_ERROR;
				GCC_WARN_UNDECLARED_SELECTOR = YES;
				GCC_WARN_UNINITIALIZED_AUTOS = YES_AGGRESSIVE;
				GCC_WARN_UNUSED_FUNCTION = YES;
				GCC_WARN_UNUSED_VARIABLE = YES;
				IPHONEOS_DEPLOYMENT_TARGET = 17.4;
				LOCALIZATION_PREFERS_STRING_CATALOGS = YES;
				MTL_ENABLE_DEBUG_INFO = INCLUDE_SOURCE;
				MTL_FAST_MATH = YES;
				ONLY_ACTIVE_ARCH = YES;
				SDKROOT = iphoneos;
				SWIFT_ACTIVE_COMPILATION_CONDITIONS = "DEBUG $(inherited)";
				SWIFT_OPTIMIZATION_LEVEL = "-Onone";
			};
			name = Debug;
		};
		4A1C2AC72BD45B2200820D46 /* Release */ = {
			isa = XCBuildConfiguration;
			buildSettings = {
				ALWAYS_SEARCH_USER_PATHS = NO;
				ASSETCATALOG_COMPILER_GENERATE_SWIFT_ASSET_SYMBOL_EXTENSIONS = YES;
				CLANG_ANALYZER_NONNULL = YES;
				CLANG_ANALYZER_NUMBER_OBJECT_CONVERSION = YES_AGGRESSIVE;
				CLANG_CXX_LANGUAGE_STANDARD = "gnu++20";
				CLANG_ENABLE_MODULES = YES;
				CLANG_ENABLE_OBJC_ARC = YES;
				CLANG_ENABLE_OBJC_WEAK = YES;
				CLANG_WARN_BLOCK_CAPTURE_AUTORELEASING = YES;
				CLANG_WARN_BOOL_CONVERSION = YES;
				CLANG_WARN_COMMA = YES;
				CLANG_WARN_CONSTANT_CONVERSION = YES;
				CLANG_WARN_DEPRECATED_OBJC_IMPLEMENTATIONS = YES;
				CLANG_WARN_DIRECT_OBJC_ISA_USAGE = YES_ERROR;
				CLANG_WARN_DOCUMENTATION_COMMENTS = YES;
				CLANG_WARN_EMPTY_BODY = YES;
				CLANG_WARN_ENUM_CONVERSION = YES;
				CLANG_WARN_INFINITE_RECURSION = YES;
				CLANG_WARN_INT_CONVERSION = YES;
				CLANG_WARN_NON_LITERAL_NULL_CONVERSION = YES;
				CLANG_WARN_OBJC_IMPLICIT_RETAIN_SELF = YES;
				CLANG_WARN_OBJC_LITERAL_CONVERSION = YES;
				CLANG_WARN_OBJC_ROOT_CLASS = YES_ERROR;
				CLANG_WARN_QUOTED_INCLUDE_IN_FRAMEWORK_HEADER = YES;
				CLANG_WARN_RANGE_LOOP_ANALYSIS = YES;
				CLANG_WARN_STRICT_PROTOTYPES = YES;
				CLANG_WARN_SUSPICIOUS_MOVE = YES;
				CLANG_WARN_UNGUARDED_AVAILABILITY = YES_AGGRESSIVE;
				CLANG_WARN_UNREACHABLE_CODE = YES;
				CLANG_WARN__DUPLICATE_METHOD_MATCH = YES;
				COPY_PHASE_STRIP = NO;
				DEBUG_INFORMATION_FORMAT = "dwarf-with-dsym";
				ENABLE_NS_ASSERTIONS = NO;
				ENABLE_STRICT_OBJC_MSGSEND = YES;
				ENABLE_USER_SCRIPT_SANDBOXING = YES;
				GCC_C_LANGUAGE_STANDARD = gnu17;
				GCC_NO_COMMON_BLOCKS = YES;
				GCC_WARN_64_TO_32_BIT_CONVERSION = YES;
				GCC_WARN_ABOUT_RETURN_TYPE = YES_ERROR;
				GCC_WARN_UNDECLARED_SELECTOR = YES;
				GCC_WARN_UNINITIALIZED_AUTOS = YES_AGGRESSIVE;
				GCC_WARN_UNUSED_FUNCTION = YES;
				GCC_WARN_UNUSED_VARIABLE = YES;
				IPHONEOS_DEPLOYMENT_TARGET = 17.4;
				LOCALIZATION_PREFERS_STRING_CATALOGS = YES;
				MTL_ENABLE_DEBUG_INFO = NO;
				MTL_FAST_MATH = YES;
				SDKROOT = iphoneos;
				SWIFT_COMPILATION_MODE = wholemodule;
				VALIDATE_PRODUCT = YES;
			};
			name = Release;
		};
		4A1C2AC92BD45B2200820D46 /* Debug */ = {
			isa = XCBuildConfiguration;
			buildSettings = {
				ASSETCATALOG_COMPILER_APPICON_NAME = AppIcon;
				ASSETCATALOG_COMPILER_GLOBAL_ACCENT_COLOR_NAME = AccentColor;
				CODE_SIGN_STYLE = Automatic;
				CURRENT_PROJECT_VERSION = 1;
				DEVELOPMENT_ASSET_PATHS = "\"Todo/Preview Content\"";
				DEVELOPMENT_TEAM = 4VU429J796;
				ENABLE_PREVIEWS = YES;
				GENERATE_INFOPLIST_FILE = YES;
				INFOPLIST_FILE = Todo/Info.plist;
				INFOPLIST_KEY_UIApplicationSceneManifest_Generation = YES;
				INFOPLIST_KEY_UIApplicationSupportsIndirectInputEvents = YES;
				INFOPLIST_KEY_UILaunchScreen_Generation = YES;
				INFOPLIST_KEY_UISupportedInterfaceOrientations_iPad = "UIInterfaceOrientationPortrait UIInterfaceOrientationPortraitUpsideDown UIInterfaceOrientationLandscapeLeft UIInterfaceOrientationLandscapeRight";
				INFOPLIST_KEY_UISupportedInterfaceOrientations_iPhone = "UIInterfaceOrientationPortrait UIInterfaceOrientationLandscapeLeft UIInterfaceOrientationLandscapeRight";
				LD_RUNPATH_SEARCH_PATHS = (
					"$(inherited)",
					"@executable_path/Frameworks",
				);
				MARKETING_VERSION = 1.0;
				PRODUCT_BUNDLE_IDENTIFIER = "JJ-Dreams.Todo";
				PRODUCT_NAME = "$(TARGET_NAME)";
				SWIFT_EMIT_LOC_STRINGS = YES;
				SWIFT_VERSION = 5.0;
				TARGETED_DEVICE_FAMILY = "1,2";
			};
			name = Debug;
		};
		4A1C2ACA2BD45B2200820D46 /* Release */ = {
			isa = XCBuildConfiguration;
			buildSettings = {
				ASSETCATALOG_COMPILER_APPICON_NAME = AppIcon;
				ASSETCATALOG_COMPILER_GLOBAL_ACCENT_COLOR_NAME = AccentColor;
				CODE_SIGN_STYLE = Automatic;
				CURRENT_PROJECT_VERSION = 1;
				DEVELOPMENT_ASSET_PATHS = "\"Todo/Preview Content\"";
				DEVELOPMENT_TEAM = 4VU429J796;
				ENABLE_PREVIEWS = YES;
				GENERATE_INFOPLIST_FILE = YES;
				INFOPLIST_FILE = Todo/Info.plist;
				INFOPLIST_KEY_UIApplicationSceneManifest_Generation = YES;
				INFOPLIST_KEY_UIApplicationSupportsIndirectInputEvents = YES;
				INFOPLIST_KEY_UILaunchScreen_Generation = YES;
				INFOPLIST_KEY_UISupportedInterfaceOrientations_iPad = "UIInterfaceOrientationPortrait UIInterfaceOrientationPortraitUpsideDown UIInterfaceOrientationLandscapeLeft UIInterfaceOrientationLandscapeRight";
				INFOPLIST_KEY_UISupportedInterfaceOrientations_iPhone = "UIInterfaceOrientationPortrait UIInterfaceOrientationLandscapeLeft UIInterfaceOrientationLandscapeRight";
				LD_RUNPATH_SEARCH_PATHS = (
					"$(inherited)",
					"@executable_path/Frameworks",
				);
				MARKETING_VERSION = 1.0;
				PRODUCT_BUNDLE_IDENTIFIER = "JJ-Dreams.Todo";
				PRODUCT_NAME = "$(TARGET_NAME)";
				SWIFT_EMIT_LOC_STRINGS = YES;
				SWIFT_VERSION = 5.0;
				TARGETED_DEVICE_FAMILY = "1,2";
			};
			name = Release;
		};
/* End XCBuildConfiguration section */

/* Begin XCConfigurationList section */
		4A1C2AB52BD45B2100820D46 /* Build configuration list for PBXProject "Todo" */ = {
			isa = XCConfigurationList;
			buildConfigurations = (
				4A1C2AC62BD45B2200820D46 /* Debug */,
				4A1C2AC72BD45B2200820D46 /* Release */,
			);
			defaultConfigurationIsVisible = 0;
			defaultConfigurationName = Release;
		};
		4A1C2AC82BD45B2200820D46 /* Build configuration list for PBXNativeTarget "Todo" */ = {
			isa = XCConfigurationList;
			buildConfigurations = (
				4A1C2AC92BD45B2200820D46 /* Debug */,
				4A1C2ACA2BD45B2200820D46 /* Release */,
			);
			defaultConfigurationIsVisible = 0;
			defaultConfigurationName = Release;
		};
/* End XCConfigurationList section */

/* Begin XCVersionGroup section */
		4A6F368B2BD57D5B00A41477 /* UTTypeWagoniki.xcdatamodeld */ = {
			isa = XCVersionGroup;
			children = (
				4A6F368D2BD57D5B00A41477 /* UTTypeWagoniki.xcdatamodel */,
			);
			currentVersion = 4A6F368D2BD57D5B00A41477 /* UTTypeWagoniki.xcdatamodel */;
			name = UTTypeWagoniki.xcdatamodeld;
			path = /Users/jaro/Warsztat/Swift/ToDo/Additional/UTTypeWagoniki.xcdatamodeld;
			sourceTree = "<group>";
			versionGroupType = wrapper.xcdatamodel;
		};
/* End XCVersionGroup section */
	};
	rootObject = 4A1C2AB22BD45B2100820D46 /* Project object */;
}
